
Microsoft Visual Studio Solution File, Format Version 12.00
# Visual Studio Version 17
VisualStudioVersion = 17.0.31903.59
MinimumVisualStudioVersion = 10.0.40219.1
Project("{2150E333-8FDC-42A3-9474-1A3956D46DE8}") = "src", "src", "{827E0CD3-B72D-47B6-A68D-7590B98EB39B}"
EndProject
Project("{FAE04EC0-301F-11D3-BF4B-00C04F79EFBC}") = "LedgerPay.Api", "src\LedgerPay.Api\LedgerPay.Api.csproj", "{C86045D1-0F86-40A2-A068-5080EAFA6371}"
EndProject
Project("{FAE04EC0-301F-11D3-BF4B-00C04F79EFBC}") = "LedgerPay.Application", "src\LedgerPay.Application\LedgerPay.Application.csproj", "{0D29A839-2FC4-4637-B850-4E922BEF4E2A}"
EndProject
Project("{FAE04EC0-301F-11D3-BF4B-00C04F79EFBC}") = "LedgerPay.Domain", "src\LedgerPay.Domain\LedgerPay.Domain.csproj", "{5DCA094E-24CF-4583-B817-346066B37136}"
EndProject
Project("{FAE04EC0-301F-11D3-BF4B-00C04F79EFBC}") = "LedgerPay.Infrastructure", "src\LedgerPay.Infrastructure\LedgerPay.Infrastructure.csproj", "{7D5CA2D3-6893-4FBA-AC61-E6BF859FA8DB}"
EndProject
Project("{2150E333-8FDC-42A3-9474-1A3956D46DE8}") = "tools", "tools", "{07C2787E-EAC7-C090-1BA3-A61EC2A24D84}"
EndProject
Project("{FAE04EC0-301F-11D3-BF4B-00C04F79EFBC}") = "LedgerPay.DbTool", "tools\LedgerPay.DbTool\LedgerPay.DbTool.csproj", "{B8B6154E-6AF7-4D96-B0EE-3C20E4154B68}"
EndProject
Global
	GlobalSection(SolutionConfigurationPlatforms) = preSolution
		Debug|Any CPU = Debug|Any CPU
		Debug|x64 = Debug|x64
		Debug|x86 = Debug|x86
		Release|Any CPU = Release|Any CPU
		Release|x64 = Release|x64
		Release|x86 = Release|x86
	EndGlobalSection
	GlobalSection(ProjectConfigurationPlatforms) = postSolution
		{C86045D1-0F86-40A2-A068-5080EAFA6371}.Debug|Any CPU.ActiveCfg = Debug|Any CPU
		{C86045D1-0F86-40A2-A068-5080EAFA6371}.Debug|Any CPU.Build.0 = Debug|Any CPU
		{C86045D1-0F86-40A2-A068-5080EAFA6371}.Debug|x64.ActiveCfg = Debug|Any CPU
		{C86045D1-0F86-40A2-A068-5080EAFA6371}.Debug|x64.Build.0 = Debug|Any CPU
		{C86045D1-0F86-40A2-A068-5080EAFA6371}.Debug|x86.ActiveCfg = Debug|Any CPU
		{C86045D1-0F86-40A2-A068-5080EAFA6371}.Debug|x86.Build.0 = Debug|Any CPU
		{C86045D1-0F86-40A2-A068-5080EAFA6371}.Release|Any CPU.ActiveCfg = Release|Any CPU
		{C86045D1-0F86-40A2-A068-5080EAFA6371}.Release|Any CPU.Build.0 = Release|Any CPU
		{C86045D1-0F86-40A2-A068-5080EAFA6371}.Release|x64.ActiveCfg = Release|Any CPU
		{C86045D1-0F86-40A2-A068-5080EAFA6371}.Release|x64.Build.0 = Release|Any CPU
		{C86045D1-0F86-40A2-A068-5080EAFA6371}.Release|x86.ActiveCfg = Release|Any CPU
		{C86045D1-0F86-40A2-A068-5080EAFA6371}.Release|x86.Build.0 = Release|Any CPU
		{0D29A839-2FC4-4637-B850-4E922BEF4E2A}.Debug|Any CPU.ActiveCfg = Debug|Any CPU
		{0D29A839-2FC4-4637-B850-4E922BEF4E2A}.Debug|Any CPU.Build.0 = Debug|Any CPU
		{0D29A839-2FC4-4637-B850-4E922BEF4E2A}.Debug|x64.ActiveCfg = Debug|Any CPU
		{0D29A839-2FC4-4637-B850-4E922BEF4E2A}.Debug|x64.Build.0 = Debug|Any CPU
		{0D29A839-2FC4-4637-B850-4E922BEF4E2A}.Debug|x86.ActiveCfg = Debug|Any CPU
		{0D29A839-2FC4-4637-B850-4E922BEF4E2A}.Debug|x86.Build.0 = Debug|Any CPU
		{0D29A839-2FC4-4637-B850-4E922BEF4E2A}.Release|Any CPU.ActiveCfg = Release|Any CPU
		{0D29A839-2FC4-4637-B850-4E922BEF4E2A}.Release|Any CPU.Build.0 = Release|Any CPU
		{0D29A839-2FC4-4637-B850-4E922BEF4E2A}.Release|x64.ActiveCfg = Release|Any CPU
		{0D29A839-2FC4-4637-B850-4E922BEF4E2A}.Release|x64.Build.0 = Release|Any CPU
		{0D29A839-2FC4-4637-B850-4E922BEF4E2A}.Release|x86.ActiveCfg = Release|Any CPU
		{0D29A839-2FC4-4637-B850-4E922BEF4E2A}.Release|x86.Build.0 = Release|Any CPU
		{5DCA094E-24CF-4583-B817-346066B37136}.Debug|Any CPU.ActiveCfg = Debug|Any CPU
		{5DCA094E-24CF-4583-B817-346066B37136}.Debug|Any CPU.Build.0 = Debug|Any CPU
		{5DCA094E-24CF-4583-B817-346066B37136}.Debug|x64.ActiveCfg = Debug|Any CPU
		{5DCA094E-24CF-4583-B817-346066B37136}.Debug|x64.Build.0 = Debug|Any CPU
		{5DCA094E-24CF-4583-B817-346066B37136}.Debug|x86.ActiveCfg = Debug|Any CPU
		{5DCA094E-24CF-4583-B817-346066B37136}.Debug|x86.Build.0 = Debug|Any CPU
		{5DCA094E-24CF-4583-B817-346066B37136}.Release|Any CPU.ActiveCfg = Release|Any CPU
		{5DCA094E-24CF-4583-B817-346066B37136}.Release|Any CPU.Build.0 = Release|Any CPU
		{5DCA094E-24CF-4583-B817-346066B37136}.Release|x64.ActiveCfg = Release|Any CPU
		{5DCA094E-24CF-4583-B817-346066B37136}.Release|x64.Build.0 = Release|Any CPU
		{5DCA094E-24CF-4583-B817-346066B37136}.Release|x86.ActiveCfg = Release|Any CPU
		{5DCA094E-24CF-4583-B817-346066B37136}.Release|x86.Build.0 = Release|Any CPU
		{7D5CA2D3-6893-4FBA-AC61-E6BF859FA8DB}.Debug|Any CPU.ActiveCfg = Debug|Any CPU
		{7D5CA2D3-6893-4FBA-AC61-E6BF859FA8DB}.Debug|Any CPU.Build.0 = Debug|Any CPU
		{7D5CA2D3-6893-4FBA-AC61-E6BF859FA8DB}.Debug|x64.ActiveCfg = Debug|Any CPU
		{7D5CA2D3-6893-4FBA-AC61-E6BF859FA8DB}.Debug|x64.Build.0 = Debug|Any CPU
		{7D5CA2D3-6893-4FBA-AC61-E6BF859FA8DB}.Debug|x86.ActiveCfg = Debug|Any CPU
		{7D5CA2D3-6893-4FBA-AC61-E6BF859FA8DB}.Debug|x86.Build.0 = Debug|Any CPU
		{7D5CA2D3-6893-4FBA-AC61-E6BF859FA8DB}.Release|Any CPU.ActiveCfg = Release|Any CPU
		{7D5CA2D3-6893-4FBA-AC61-E6BF859FA8DB}.Release|Any CPU.Build.0 = Release|Any CPU
		{7D5CA2D3-6893-4FBA-AC61-E6BF859FA8DB}.Release|x64.ActiveCfg = Release|Any CPU
		{7D5CA2D3-6893-4FBA-AC61-E6BF859FA8DB}.Release|x64.Build.0 = Release|Any CPU
		{7D5CA2D3-6893-4FBA-AC61-E6BF859FA8DB}.Release|x86.ActiveCfg = Release|Any CPU
		{7D5CA2D3-6893-4FBA-AC61-E6BF859FA8DB}.Release|x86.Build.0 = Release|Any CPU
		{B8B6154E-6AF7-4D96-B0EE-3C20E4154B68}.Debug|Any CPU.ActiveCfg = Debug|Any CPU
		{B8B6154E-6AF7-4D96-B0EE-3C20E4154B68}.Debug|Any CPU.Build.0 = Debug|Any CPU
		{B8B6154E-6AF7-4D96-B0EE-3C20E4154B68}.Debug|x64.ActiveCfg = Debug|Any CPU
		{B8B6154E-6AF7-4D96-B0EE-3C20E4154B68}.Debug|x64.Build.0 = Debug|Any CPU
		{B8B6154E-6AF7-4D96-B0EE-3C20E4154B68}.Debug|x86.ActiveCfg = Debug|Any CPU
		{B8B6154E-6AF7-4D96-B0EE-3C20E4154B68}.Debug|x86.Build.0 = Debug|Any CPU
		{B8B6154E-6AF7-4D96-B0EE-3C20E4154B68}.Release|Any CPU.ActiveCfg = Release|Any CPU
		{B8B6154E-6AF7-4D96-B0EE-3C20E4154B68}.Release|Any CPU.Build.0 = Release|Any CPU
		{B8B6154E-6AF7-4D96-B0EE-3C20E4154B68}.Release|x64.ActiveCfg = Release|Any CPU
		{B8B6154E-6AF7-4D96-B0EE-3C20E4154B68}.Release|x64.Build.0 = Release|Any CPU
		{B8B6154E-6AF7-4D96-B0EE-3C20E4154B68}.Release|x86.ActiveCfg = Release|Any CPU
		{B8B6154E-6AF7-4D96-B0EE-3C20E4154B68}.Release|x86.Build.0 = Release|Any CPU
	EndGlobalSection
	GlobalSection(SolutionProperties) = preSolution
		HideSolutionNode = FALSE
	EndGlobalSection
	GlobalSection(NestedProjects) = preSolution
		{C86045D1-0F86-40A2-A068-5080EAFA6371} = {827E0CD3-B72D-47B6-A68D-7590B98EB39B}
		{0D29A839-2FC4-4637-B850-4E922BEF4E2A} = {827E0CD3-B72D-47B6-A68D-7590B98EB39B}
		{5DCA094E-24CF-4583-B817-346066B37136} = {827E0CD3-B72D-47B6-A68D-7590B98EB39B}
		{7D5CA2D3-6893-4FBA-AC61-E6BF859FA8DB} = {827E0CD3-B72D-47B6-A68D-7590B98EB39B}
		{B8B6154E-6AF7-4D96-B0EE-3C20E4154B68} = {07C2787E-EAC7-C090-1BA3-A61EC2A24D84}
	EndGlobalSection
EndGlobal
